// !$*UTF8*$!
{
	archiveVersion = 1;
	classes = {
	};
	objectVersion = 55;
	objects = {

/* Begin PBXBuildFile section */
		1B6476A827D1D65800EAC728 /* AppDelegate.swift in Sources */ = {isa = PBXBuildFile; fileRef = 1B6476A727D1D65800EAC728 /* AppDelegate.swift */; };
		1B6476AA27D1D65800EAC728 /* SceneDelegate.swift in Sources */ = {isa = PBXBuildFile; fileRef = 1B6476A927D1D65800EAC728 /* SceneDelegate.swift */; };
		1B6476B127D1D65A00EAC728 /* Assets.xcassets in Resources */ = {isa = PBXBuildFile; fileRef = 1B6476B027D1D65A00EAC728 /* Assets.xcassets */; };
		1B6476B427D1D65A00EAC728 /* LaunchScreen.storyboard in Resources */ = {isa = PBXBuildFile; fileRef = 1B6476B227D1D65A00EAC728 /* LaunchScreen.storyboard */; };
		1B6476BC27D1D6E100EAC728 /* APISettings.swift in Sources */ = {isa = PBXBuildFile; fileRef = 1B6476BB27D1D6E100EAC728 /* APISettings.swift */; };
		1B6476BE27D1DC3000EAC728 /* BNCApi.swift in Sources */ = {isa = PBXBuildFile; fileRef = 1B6476BD27D1DC3000EAC728 /* BNCApi.swift */; };
		1B6476C027D1DE2A00EAC728 /* BNCService.swift in Sources */ = {isa = PBXBuildFile; fileRef = 1B6476BF27D1DE2A00EAC728 /* BNCService.swift */; };
		1B6476C227D1DF0400EAC728 /* NetworkErrors.swift in Sources */ = {isa = PBXBuildFile; fileRef = 1B6476C127D1DF0400EAC728 /* NetworkErrors.swift */; };
		1B6476C527D1E19900EAC728 /* MarketResponses.swift in Sources */ = {isa = PBXBuildFile; fileRef = 1B6476C427D1E19900EAC728 /* MarketResponses.swift */; };
		1B6476CA27D1E60300EAC728 /* Market.swift in Sources */ = {isa = PBXBuildFile; fileRef = 1B6476C927D1E60300EAC728 /* Market.swift */; };
		1B6476CC27D1E7EC00EAC728 /* AssetResponses.swift in Sources */ = {isa = PBXBuildFile; fileRef = 1B6476CB27D1E7EB00EAC728 /* AssetResponses.swift */; };
		1B6476CE27D1E84C00EAC728 /* Asset.swift in Sources */ = {isa = PBXBuildFile; fileRef = 1B6476CD27D1E84C00EAC728 /* Asset.swift */; };
		1B6476D027D1E96100EAC728 /* TokenResponses.swift in Sources */ = {isa = PBXBuildFile; fileRef = 1B6476CF27D1E96100EAC728 /* TokenResponses.swift */; };
		1B6476D227D1E9E900EAC728 /* Token.swift in Sources */ = {isa = PBXBuildFile; fileRef = 1B6476D127D1E9E900EAC728 /* Token.swift */; };
		1B6476D627D1F87800EAC728 /* BaseViewController.swift in Sources */ = {isa = PBXBuildFile; fileRef = 1B6476D527D1F87800EAC728 /* BaseViewController.swift */; };
		1B6476D927D1F9EC00EAC728 /* BaseTableViewCell.swift in Sources */ = {isa = PBXBuildFile; fileRef = 1B6476D727D1F9EC00EAC728 /* BaseTableViewCell.swift */; };
		1B6476DA27D1F9EC00EAC728 /* BaseTableViewCell.xib in Resources */ = {isa = PBXBuildFile; fileRef = 1B6476D827D1F9EC00EAC728 /* BaseTableViewCell.xib */; };
		1B6476DE27D1FC0900EAC728 /* MarketListViewController.swift in Sources */ = {isa = PBXBuildFile; fileRef = 1B6476DD27D1FC0900EAC728 /* MarketListViewController.swift */; };
		1B6476E027D1FC4B00EAC728 /* MarketListViewModel.swift in Sources */ = {isa = PBXBuildFile; fileRef = 1B6476DF27D1FC4B00EAC728 /* MarketListViewModel.swift */; };
		1B6476E227D1FC5E00EAC728 /* MarketListContracts.swift in Sources */ = {isa = PBXBuildFile; fileRef = 1B6476E127D1FC5E00EAC728 /* MarketListContracts.swift */; };
		1B6476E427D1FC6A00EAC728 /* MarketList.storyboard in Resources */ = {isa = PBXBuildFile; fileRef = 1B6476E327D1FC6A00EAC728 /* MarketList.storyboard */; };
		1B6476E727D1FEA000EAC728 /* MarketPresentation.swift in Sources */ = {isa = PBXBuildFile; fileRef = 1B6476E627D1FEA000EAC728 /* MarketPresentation.swift */; };
		1B6476E927D205C000EAC728 /* UIViewController+.swift in Sources */ = {isa = PBXBuildFile; fileRef = 1B6476E827D205C000EAC728 /* UIViewController+.swift */; };
		1B6476EC27D20CE100EAC728 /* MarketListSceneBuilder.swift in Sources */ = {isa = PBXBuildFile; fileRef = 1B6476EB27D20CE100EAC728 /* MarketListSceneBuilder.swift */; };
		1B6476EF27D20DD100EAC728 /* AppRouter.swift in Sources */ = {isa = PBXBuildFile; fileRef = 1B6476EE27D20DD100EAC728 /* AppRouter.swift */; };
		1B6476F127D20DDB00EAC728 /* AppContainer.swift in Sources */ = {isa = PBXBuildFile; fileRef = 1B6476F027D20DDB00EAC728 /* AppContainer.swift */; };
		1B6476F327D2AB8E00EAC728 /* AssetListSceneBuilder.swift in Sources */ = {isa = PBXBuildFile; fileRef = 1B6476F227D2AB8E00EAC728 /* AssetListSceneBuilder.swift */; };
		1B6476F627D2AC2300EAC728 /* AssetListViewController.swift in Sources */ = {isa = PBXBuildFile; fileRef = 1B6476F527D2AC2300EAC728 /* AssetListViewController.swift */; };
		1B6476FA27D2AC3F00EAC728 /* AssetListViewModel.swift in Sources */ = {isa = PBXBuildFile; fileRef = 1B6476F927D2AC3F00EAC728 /* AssetListViewModel.swift */; };
		1B6476FC27D2AC5900EAC728 /* AssetListContracts.swift in Sources */ = {isa = PBXBuildFile; fileRef = 1B6476FB27D2AC5900EAC728 /* AssetListContracts.swift */; };
		1B6476FE27D2AC6600EAC728 /* AssetList.storyboard in Resources */ = {isa = PBXBuildFile; fileRef = 1B6476FD27D2AC6600EAC728 /* AssetList.storyboard */; };
		1B64770027D2B08100EAC728 /* AssetPresentation.swift in Sources */ = {isa = PBXBuildFile; fileRef = 1B6476FF27D2B08100EAC728 /* AssetPresentation.swift */; };
		1B64770327D33A7900EAC728 /* CustomTabBar.storyboard in Resources */ = {isa = PBXBuildFile; fileRef = 1B64770227D33A7900EAC728 /* CustomTabBar.storyboard */; };
		1B64770527D33A9B00EAC728 /* TabBarController.swift in Sources */ = {isa = PBXBuildFile; fileRef = 1B64770427D33A9B00EAC728 /* TabBarController.swift */; };
/* End PBXBuildFile section */

/* Begin PBXFileReference section */
		1B6476A427D1D65800EAC728 /* BraveNewCoinMVVM.app */ = {isa = PBXFileReference; explicitFileType = wrapper.application; includeInIndex = 0; path = BraveNewCoinMVVM.app; sourceTree = BUILT_PRODUCTS_DIR; };
		1B6476A727D1D65800EAC728 /* AppDelegate.swift */ = {isa = PBXFileReference; lastKnownFileType = sourcecode.swift; path = AppDelegate.swift; sourceTree = "<group>"; };
		1B6476A927D1D65800EAC728 /* SceneDelegate.swift */ = {isa = PBXFileReference; lastKnownFileType = sourcecode.swift; path = SceneDelegate.swift; sourceTree = "<group>"; };
		1B6476B027D1D65A00EAC728 /* Assets.xcassets */ = {isa = PBXFileReference; lastKnownFileType = folder.assetcatalog; path = Assets.xcassets; sourceTree = "<group>"; };
		1B6476B327D1D65A00EAC728 /* Base */ = {isa = PBXFileReference; lastKnownFileType = file.storyboard; name = Base; path = Base.lproj/LaunchScreen.storyboard; sourceTree = "<group>"; };
		1B6476B527D1D65A00EAC728 /* Info.plist */ = {isa = PBXFileReference; lastKnownFileType = text.plist.xml; path = Info.plist; sourceTree = "<group>"; };
		1B6476BB27D1D6E100EAC728 /* APISettings.swift */ = {isa = PBXFileReference; lastKnownFileType = sourcecode.swift; path = APISettings.swift; sourceTree = "<group>"; };
		1B6476BD27D1DC3000EAC728 /* BNCApi.swift */ = {isa = PBXFileReference; lastKnownFileType = sourcecode.swift; path = BNCApi.swift; sourceTree = "<group>"; };
		1B6476BF27D1DE2A00EAC728 /* BNCService.swift */ = {isa = PBXFileReference; lastKnownFileType = sourcecode.swift; path = BNCService.swift; sourceTree = "<group>"; };
		1B6476C127D1DF0400EAC728 /* NetworkErrors.swift */ = {isa = PBXFileReference; lastKnownFileType = sourcecode.swift; path = NetworkErrors.swift; sourceTree = "<group>"; };
		1B6476C427D1E19900EAC728 /* MarketResponses.swift */ = {isa = PBXFileReference; lastKnownFileType = sourcecode.swift; path = MarketResponses.swift; sourceTree = "<group>"; };
		1B6476C927D1E60300EAC728 /* Market.swift */ = {isa = PBXFileReference; lastKnownFileType = sourcecode.swift; path = Market.swift; sourceTree = "<group>"; };
		1B6476CB27D1E7EB00EAC728 /* AssetResponses.swift */ = {isa = PBXFileReference; lastKnownFileType = sourcecode.swift; path = AssetResponses.swift; sourceTree = "<group>"; };
		1B6476CD27D1E84C00EAC728 /* Asset.swift */ = {isa = PBXFileReference; lastKnownFileType = sourcecode.swift; path = Asset.swift; sourceTree = "<group>"; };
		1B6476CF27D1E96100EAC728 /* TokenResponses.swift */ = {isa = PBXFileReference; lastKnownFileType = sourcecode.swift; path = TokenResponses.swift; sourceTree = "<group>"; };
		1B6476D127D1E9E900EAC728 /* Token.swift */ = {isa = PBXFileReference; lastKnownFileType = sourcecode.swift; path = Token.swift; sourceTree = "<group>"; };
		1B6476D527D1F87800EAC728 /* BaseViewController.swift */ = {isa = PBXFileReference; lastKnownFileType = sourcecode.swift; path = BaseViewController.swift; sourceTree = "<group>"; };
		1B6476D727D1F9EC00EAC728 /* BaseTableViewCell.swift */ = {isa = PBXFileReference; lastKnownFileType = sourcecode.swift; path = BaseTableViewCell.swift; sourceTree = "<group>"; };
		1B6476D827D1F9EC00EAC728 /* BaseTableViewCell.xib */ = {isa = PBXFileReference; lastKnownFileType = file.xib; path = BaseTableViewCell.xib; sourceTree = "<group>"; };
		1B6476DD27D1FC0900EAC728 /* MarketListViewController.swift */ = {isa = PBXFileReference; lastKnownFileType = sourcecode.swift; path = MarketListViewController.swift; sourceTree = "<group>"; };
		1B6476DF27D1FC4B00EAC728 /* MarketListViewModel.swift */ = {isa = PBXFileReference; lastKnownFileType = sourcecode.swift; path = MarketListViewModel.swift; sourceTree = "<group>"; };
		1B6476E127D1FC5E00EAC728 /* MarketListContracts.swift */ = {isa = PBXFileReference; lastKnownFileType = sourcecode.swift; path = MarketListContracts.swift; sourceTree = "<group>"; };
		1B6476E327D1FC6A00EAC728 /* MarketList.storyboard */ = {isa = PBXFileReference; lastKnownFileType = file.storyboard; path = MarketList.storyboard; sourceTree = "<group>"; };
		1B6476E627D1FEA000EAC728 /* MarketPresentation.swift */ = {isa = PBXFileReference; lastKnownFileType = sourcecode.swift; path = MarketPresentation.swift; sourceTree = "<group>"; };
		1B6476E827D205C000EAC728 /* UIViewController+.swift */ = {isa = PBXFileReference; lastKnownFileType = sourcecode.swift; path = "UIViewController+.swift"; sourceTree = "<group>"; };
		1B6476EB27D20CE100EAC728 /* MarketListSceneBuilder.swift */ = {isa = PBXFileReference; lastKnownFileType = sourcecode.swift; path = MarketListSceneBuilder.swift; sourceTree = "<group>"; };
		1B6476EE27D20DD100EAC728 /* AppRouter.swift */ = {isa = PBXFileReference; lastKnownFileType = sourcecode.swift; path = AppRouter.swift; sourceTree = "<group>"; };
		1B6476F027D20DDB00EAC728 /* AppContainer.swift */ = {isa = PBXFileReference; lastKnownFileType = sourcecode.swift; path = AppContainer.swift; sourceTree = "<group>"; };
		1B6476F227D2AB8E00EAC728 /* AssetListSceneBuilder.swift */ = {isa = PBXFileReference; lastKnownFileType = sourcecode.swift; path = AssetListSceneBuilder.swift; sourceTree = "<group>"; };
		1B6476F527D2AC2300EAC728 /* AssetListViewController.swift */ = {isa = PBXFileReference; lastKnownFileType = sourcecode.swift; path = AssetListViewController.swift; sourceTree = "<group>"; };
		1B6476F927D2AC3F00EAC728 /* AssetListViewModel.swift */ = {isa = PBXFileReference; lastKnownFileType = sourcecode.swift; path = AssetListViewModel.swift; sourceTree = "<group>"; };
		1B6476FB27D2AC5900EAC728 /* AssetListContracts.swift */ = {isa = PBXFileReference; lastKnownFileType = sourcecode.swift; path = AssetListContracts.swift; sourceTree = "<group>"; };
		1B6476FD27D2AC6600EAC728 /* AssetList.storyboard */ = {isa = PBXFileReference; lastKnownFileType = file.storyboard; path = AssetList.storyboard; sourceTree = "<group>"; };
		1B6476FF27D2B08100EAC728 /* AssetPresentation.swift */ = {isa = PBXFileReference; lastKnownFileType = sourcecode.swift; path = AssetPresentation.swift; sourceTree = "<group>"; };
		1B64770227D33A7900EAC728 /* CustomTabBar.storyboard */ = {isa = PBXFileReference; lastKnownFileType = file.storyboard; path = CustomTabBar.storyboard; sourceTree = "<group>"; };
		1B64770427D33A9B00EAC728 /* TabBarController.swift */ = {isa = PBXFileReference; lastKnownFileType = sourcecode.swift; path = TabBarController.swift; sourceTree = "<group>"; };
/* End PBXFileReference section */

/* Begin PBXFrameworksBuildPhase section */
		1B6476A127D1D65800EAC728 /* Frameworks */ = {
			isa = PBXFrameworksBuildPhase;
			buildActionMask = 2147483647;
			files = (
			);
			runOnlyForDeploymentPostprocessing = 0;
		};
/* End PBXFrameworksBuildPhase section */

/* Begin PBXGroup section */
		1B64769B27D1D65800EAC728 = {
			isa = PBXGroup;
			children = (
				1B6476A627D1D65800EAC728 /* BraveNewCoinMVVM */,
				1B6476A527D1D65800EAC728 /* Products */,
			);
			sourceTree = "<group>";
		};
		1B6476A527D1D65800EAC728 /* Products */ = {
			isa = PBXGroup;
			children = (
				1B6476A427D1D65800EAC728 /* BraveNewCoinMVVM.app */,
			);
			name = Products;
			sourceTree = "<group>";
		};
		1B6476A627D1D65800EAC728 /* BraveNewCoinMVVM */ = {
			isa = PBXGroup;
			children = (
				1B6476DB27D1FB4A00EAC728 /* Scenes */,
				1B6476D327D1F85600EAC728 /* Utils */,
				1B6476C727D1E5E800EAC728 /* Model */,
				1B6476C327D1E14600EAC728 /* Service */,
				1B6476ED27D20D8400EAC728 /* Resources */,
				1B6476B527D1D65A00EAC728 /* Info.plist */,
			);
			path = BraveNewCoinMVVM;
			sourceTree = "<group>";
		};
		1B6476C327D1E14600EAC728 /* Service */ = {
			isa = PBXGroup;
			children = (
				1B6476C127D1DF0400EAC728 /* NetworkErrors.swift */,
				1B6476BB27D1D6E100EAC728 /* APISettings.swift */,
				1B6476BD27D1DC3000EAC728 /* BNCApi.swift */,
				1B6476BF27D1DE2A00EAC728 /* BNCService.swift */,
			);
			path = Service;
			sourceTree = "<group>";
		};
		1B6476C627D1E1A500EAC728 /* Responses */ = {
			isa = PBXGroup;
			children = (
				1B6476C427D1E19900EAC728 /* MarketResponses.swift */,
				1B6476CB27D1E7EB00EAC728 /* AssetResponses.swift */,
				1B6476CF27D1E96100EAC728 /* TokenResponses.swift */,
			);
			path = Responses;
			sourceTree = "<group>";
		};
		1B6476C727D1E5E800EAC728 /* Model */ = {
			isa = PBXGroup;
			children = (
				1B6476C827D1E5F200EAC728 /* DTOs */,
				1B6476C627D1E1A500EAC728 /* Responses */,
			);
			path = Model;
			sourceTree = "<group>";
		};
		1B6476C827D1E5F200EAC728 /* DTOs */ = {
			isa = PBXGroup;
			children = (
				1B6476C927D1E60300EAC728 /* Market.swift */,
				1B6476CD27D1E84C00EAC728 /* Asset.swift */,
				1B6476D127D1E9E900EAC728 /* Token.swift */,
			);
			name = DTOs;
			sourceTree = "<group>";
		};
		1B6476D327D1F85600EAC728 /* Utils */ = {
			isa = PBXGroup;
			children = (
				1B6476E827D205C000EAC728 /* UIViewController+.swift */,
				1B6476E527D1FE8F00EAC728 /* Presentations */,
				1B6476D427D1F85E00EAC728 /* BaseClasses */,
			);
			path = Utils;
			sourceTree = "<group>";
		};
		1B6476D427D1F85E00EAC728 /* BaseClasses */ = {
			isa = PBXGroup;
			children = (
				1B6476D527D1F87800EAC728 /* BaseViewController.swift */,
				1B6476D727D1F9EC00EAC728 /* BaseTableViewCell.swift */,
				1B6476D827D1F9EC00EAC728 /* BaseTableViewCell.xib */,
			);
			path = BaseClasses;
			sourceTree = "<group>";
		};
		1B6476DB27D1FB4A00EAC728 /* Scenes */ = {
			isa = PBXGroup;
			children = (
				1B64770627D3490400EAC728 /* MarketDetailList */,
				1B64770127D33A6100EAC728 /* Root */,
				1B6476EA27D20CB700EAC728 /* SceneBuilders */,
				1B6476F427D2ABF600EAC728 /* AssetList */,
				1B6476DC27D1FB6800EAC728 /* MarketList */,
			);
			path = Scenes;
			sourceTree = "<group>";
		};
		1B6476DC27D1FB6800EAC728 /* MarketList */ = {
			isa = PBXGroup;
			children = (
				1B6476E327D1FC6A00EAC728 /* MarketList.storyboard */,
				1B6476DD27D1FC0900EAC728 /* MarketListViewController.swift */,
				1B6476DF27D1FC4B00EAC728 /* MarketListViewModel.swift */,
				1B6476E127D1FC5E00EAC728 /* MarketListContracts.swift */,
			);
			path = MarketList;
			sourceTree = "<group>";
		};
		1B6476E527D1FE8F00EAC728 /* Presentations */ = {
			isa = PBXGroup;
			children = (
				1B6476E627D1FEA000EAC728 /* MarketPresentation.swift */,
				1B6476FF27D2B08100EAC728 /* AssetPresentation.swift */,
			);
			path = Presentations;
			sourceTree = "<group>";
		};
		1B6476EA27D20CB700EAC728 /* SceneBuilders */ = {
			isa = PBXGroup;
			children = (
				1B6476EB27D20CE100EAC728 /* MarketListSceneBuilder.swift */,
				1B6476F227D2AB8E00EAC728 /* AssetListSceneBuilder.swift */,
			);
			path = SceneBuilders;
			sourceTree = "<group>";
		};
		1B6476ED27D20D8400EAC728 /* Resources */ = {
			isa = PBXGroup;
			children = (
				1B6476A727D1D65800EAC728 /* AppDelegate.swift */,
				1B6476A927D1D65800EAC728 /* SceneDelegate.swift */,
				1B6476B027D1D65A00EAC728 /* Assets.xcassets */,
				1B6476B227D1D65A00EAC728 /* LaunchScreen.storyboard */,
			);
			name = Resources;
			sourceTree = "<group>";
		};
		1B6476F427D2ABF600EAC728 /* AssetList */ = {
			isa = PBXGroup;
			children = (
				1B6476F527D2AC2300EAC728 /* AssetListViewController.swift */,
				1B6476F927D2AC3F00EAC728 /* AssetListViewModel.swift */,
				1B6476FB27D2AC5900EAC728 /* AssetListContracts.swift */,
				1B6476FD27D2AC6600EAC728 /* AssetList.storyboard */,
			);
			path = AssetList;
			sourceTree = "<group>";
		};
		1B64770127D33A6100EAC728 /* Root */ = {
			isa = PBXGroup;
			children = (
				1B64770227D33A7900EAC728 /* CustomTabBar.storyboard */,
				1B64770427D33A9B00EAC728 /* TabBarController.swift */,
				1B6476EE27D20DD100EAC728 /* AppRouter.swift */,
				1B6476F027D20DDB00EAC728 /* AppContainer.swift */,
			);
			path = Root;
			sourceTree = "<group>";
		};
		1B64770627D3490400EAC728 /* MarketDetailList */ = {
			isa = PBXGroup;
			children = (
			);
			path = MarketDetailList;
			sourceTree = "<group>";
		};
/* End PBXGroup section */

/* Begin PBXNativeTarget section */
		1B6476A327D1D65800EAC728 /* BraveNewCoinMVVM */ = {
			isa = PBXNativeTarget;
			buildConfigurationList = 1B6476B827D1D65A00EAC728 /* Build configuration list for PBXNativeTarget "BraveNewCoinMVVM" */;
			buildPhases = (
				1B6476A027D1D65800EAC728 /* Sources */,
				1B6476A127D1D65800EAC728 /* Frameworks */,
				1B6476A227D1D65800EAC728 /* Resources */,
			);
			buildRules = (
			);
			dependencies = (
			);
			name = BraveNewCoinMVVM;
			productName = BraveNewCoinMVVM;
			productReference = 1B6476A427D1D65800EAC728 /* BraveNewCoinMVVM.app */;
			productType = "com.apple.product-type.application";
		};
/* End PBXNativeTarget section */

/* Begin PBXProject section */
		1B64769C27D1D65800EAC728 /* Project object */ = {
			isa = PBXProject;
			attributes = {
				BuildIndependentTargetsInParallel = 1;
				LastSwiftUpdateCheck = 1320;
				LastUpgradeCheck = 1320;
				TargetAttributes = {
					1B6476A327D1D65800EAC728 = {
						CreatedOnToolsVersion = 13.2.1;
					};
				};
			};
			buildConfigurationList = 1B64769F27D1D65800EAC728 /* Build configuration list for PBXProject "BraveNewCoinMVVM" */;
			compatibilityVersion = "Xcode 13.0";
			developmentRegion = en;
			hasScannedForEncodings = 0;
			knownRegions = (
				en,
				Base,
			);
			mainGroup = 1B64769B27D1D65800EAC728;
			productRefGroup = 1B6476A527D1D65800EAC728 /* Products */;
			projectDirPath = "";
			projectRoot = "";
			targets = (
				1B6476A327D1D65800EAC728 /* BraveNewCoinMVVM */,
			);
		};
/* End PBXProject section */

/* Begin PBXResourcesBuildPhase section */
		1B6476A227D1D65800EAC728 /* Resources */ = {
			isa = PBXResourcesBuildPhase;
			buildActionMask = 2147483647;
			files = (
				1B6476FE27D2AC6600EAC728 /* AssetList.storyboard in Resources */,
				1B64770327D33A7900EAC728 /* CustomTabBar.storyboard in Resources */,
				1B6476E427D1FC6A00EAC728 /* MarketList.storyboard in Resources */,
				1B6476DA27D1F9EC00EAC728 /* BaseTableViewCell.xib in Resources */,
				1B6476B427D1D65A00EAC728 /* LaunchScreen.storyboard in Resources */,
				1B6476B127D1D65A00EAC728 /* Assets.xcassets in Resources */,
			);
			runOnlyForDeploymentPostprocessing = 0;
		};
/* End PBXResourcesBuildPhase section */

/* Begin PBXSourcesBuildPhase section */
		1B6476A027D1D65800EAC728 /* Sources */ = {
			isa = PBXSourcesBuildPhase;
			buildActionMask = 2147483647;
			files = (
				1B6476A827D1D65800EAC728 /* AppDelegate.swift in Sources */,
				1B6476E927D205C000EAC728 /* UIViewController+.swift in Sources */,
				1B6476F127D20DDB00EAC728 /* AppContainer.swift in Sources */,
				1B6476BE27D1DC3000EAC728 /* BNCApi.swift in Sources */,
				1B6476CE27D1E84C00EAC728 /* Asset.swift in Sources */,
				1B6476C227D1DF0400EAC728 /* NetworkErrors.swift in Sources */,
				1B6476D627D1F87800EAC728 /* BaseViewController.swift in Sources */,
				1B6476C027D1DE2A00EAC728 /* BNCService.swift in Sources */,
				1B6476E727D1FEA000EAC728 /* MarketPresentation.swift in Sources */,
				1B6476AA27D1D65800EAC728 /* SceneDelegate.swift in Sources */,
				1B6476DE27D1FC0900EAC728 /* MarketListViewController.swift in Sources */,
				1B6476E227D1FC5E00EAC728 /* MarketListContracts.swift in Sources */,
				1B6476FA27D2AC3F00EAC728 /* AssetListViewModel.swift in Sources */,
				1B64770027D2B08100EAC728 /* AssetPresentation.swift in Sources */,
				1B6476C527D1E19900EAC728 /* MarketResponses.swift in Sources */,
				1B6476BC27D1D6E100EAC728 /* APISettings.swift in Sources */,
				1B6476CA27D1E60300EAC728 /* Market.swift in Sources */,
				1B6476FC27D2AC5900EAC728 /* AssetListContracts.swift in Sources */,
				1B6476D027D1E96100EAC728 /* TokenResponses.swift in Sources */,
				1B6476D227D1E9E900EAC728 /* Token.swift in Sources */,
				1B6476D927D1F9EC00EAC728 /* BaseTableViewCell.swift in Sources */,
				1B6476EF27D20DD100EAC728 /* AppRouter.swift in Sources */,
				1B6476F627D2AC2300EAC728 /* AssetListViewController.swift in Sources */,
				1B6476EC27D20CE100EAC728 /* MarketListSceneBuilder.swift in Sources */,
				1B6476CC27D1E7EC00EAC728 /* AssetResponses.swift in Sources */,
				1B64770527D33A9B00EAC728 /* TabBarController.swift in Sources */,
				1B6476E027D1FC4B00EAC728 /* MarketListViewModel.swift in Sources */,
				1B6476F327D2AB8E00EAC728 /* AssetListSceneBuilder.swift in Sources */,
			);
			runOnlyForDeploymentPostprocessing = 0;
		};
/* End PBXSourcesBuildPhase section */

/* Begin PBXVariantGroup section */
		1B6476B227D1D65A00EAC728 /* LaunchScreen.storyboard */ = {
			isa = PBXVariantGroup;
			children = (
				1B6476B327D1D65A00EAC728 /* Base */,
			);
			name = LaunchScreen.storyboard;
			sourceTree = "<group>";
		};
/* End PBXVariantGroup section */

/* Begin XCBuildConfiguration section */
		1B6476B627D1D65A00EAC728 /* Debug */ = {
			isa = XCBuildConfiguration;
			buildSettings = {
				ALWAYS_SEARCH_USER_PATHS = NO;
				CLANG_ANALYZER_NONNULL = YES;
				CLANG_ANALYZER_NUMBER_OBJECT_CONVERSION = YES_AGGRESSIVE;
				CLANG_CXX_LANGUAGE_STANDARD = "gnu++17";
				CLANG_CXX_LIBRARY = "libc++";
				CLANG_ENABLE_MODULES = YES;
				CLANG_ENABLE_OBJC_ARC = YES;
				CLANG_ENABLE_OBJC_WEAK = YES;
				CLANG_WARN_BLOCK_CAPTURE_AUTORELEASING = YES;
				CLANG_WARN_BOOL_CONVERSION = YES;
				CLANG_WARN_COMMA = YES;
				CLANG_WARN_CONSTANT_CONVERSION = YES;
				CLANG_WARN_DEPRECATED_OBJC_IMPLEMENTATIONS = YES;
				CLANG_WARN_DIRECT_OBJC_ISA_USAGE = YES_ERROR;
				CLANG_WARN_DOCUMENTATION_COMMENTS = YES;
				CLANG_WARN_EMPTY_BODY = YES;
				CLANG_WARN_ENUM_CONVERSION = YES;
				CLANG_WARN_INFINITE_RECURSION = YES;
				CLANG_WARN_INT_CONVERSION = YES;
				CLANG_WARN_NON_LITERAL_NULL_CONVERSION = YES;
				CLANG_WARN_OBJC_IMPLICIT_RETAIN_SELF = YES;
				CLANG_WARN_OBJC_LITERAL_CONVERSION = YES;
				CLANG_WARN_OBJC_ROOT_CLASS = YES_ERROR;
				CLANG_WARN_QUOTED_INCLUDE_IN_FRAMEWORK_HEADER = YES;
				CLANG_WARN_RANGE_LOOP_ANALYSIS = YES;
				CLANG_WARN_STRICT_PROTOTYPES = YES;
				CLANG_WARN_SUSPICIOUS_MOVE = YES;
				CLANG_WARN_UNGUARDED_AVAILABILITY = YES_AGGRESSIVE;
				CLANG_WARN_UNREACHABLE_CODE = YES;
				CLANG_WARN__DUPLICATE_METHOD_MATCH = YES;
				COPY_PHASE_STRIP = NO;
				DEBUG_INFORMATION_FORMAT = dwarf;
				ENABLE_STRICT_OBJC_MSGSEND = YES;
				ENABLE_TESTABILITY = YES;
				GCC_C_LANGUAGE_STANDARD = gnu11;
				GCC_DYNAMIC_NO_PIC = NO;
				GCC_NO_COMMON_BLOCKS = YES;
				GCC_OPTIMIZATION_LEVEL = 0;
				GCC_PREPROCESSOR_DEFINITIONS = (
					"DEBUG=1",
					"$(inherited)",
				);
				GCC_WARN_64_TO_32_BIT_CONVERSION = YES;
				GCC_WARN_ABOUT_RETURN_TYPE = YES_ERROR;
				GCC_WARN_UNDECLARED_SELECTOR = YES;
				GCC_WARN_UNINITIALIZED_AUTOS = YES_AGGRESSIVE;
				GCC_WARN_UNUSED_FUNCTION = YES;
				GCC_WARN_UNUSED_VARIABLE = YES;
				IPHONEOS_DEPLOYMENT_TARGET = 15.2;
				MTL_ENABLE_DEBUG_INFO = INCLUDE_SOURCE;
				MTL_FAST_MATH = YES;
				ONLY_ACTIVE_ARCH = YES;
				SDKROOT = iphoneos;
				SWIFT_ACTIVE_COMPILATION_CONDITIONS = DEBUG;
				SWIFT_OPTIMIZATION_LEVEL = "-Onone";
			};
			name = Debug;
		};
		1B6476B727D1D65A00EAC728 /* Release */ = {
			isa = XCBuildConfiguration;
			buildSettings = {
				ALWAYS_SEARCH_USER_PATHS = NO;
				CLANG_ANALYZER_NONNULL = YES;
				CLANG_ANALYZER_NUMBER_OBJECT_CONVERSION = YES_AGGRESSIVE;
				CLANG_CXX_LANGUAGE_STANDARD = "gnu++17";
				CLANG_CXX_LIBRARY = "libc++";
				CLANG_ENABLE_MODULES = YES;
				CLANG_ENABLE_OBJC_ARC = YES;
				CLANG_ENABLE_OBJC_WEAK = YES;
				CLANG_WARN_BLOCK_CAPTURE_AUTORELEASING = YES;
				CLANG_WARN_BOOL_CONVERSION = YES;
				CLANG_WARN_COMMA = YES;
				CLANG_WARN_CONSTANT_CONVERSION = YES;
				CLANG_WARN_DEPRECATED_OBJC_IMPLEMENTATIONS = YES;
				CLANG_WARN_DIRECT_OBJC_ISA_USAGE = YES_ERROR;
				CLANG_WARN_DOCUMENTATION_COMMENTS = YES;
				CLANG_WARN_EMPTY_BODY = YES;
				CLANG_WARN_ENUM_CONVERSION = YES;
				CLANG_WARN_INFINITE_RECURSION = YES;
				CLANG_WARN_INT_CONVERSION = YES;
				CLANG_WARN_NON_LITERAL_NULL_CONVERSION = YES;
				CLANG_WARN_OBJC_IMPLICIT_RETAIN_SELF = YES;
				CLANG_WARN_OBJC_LITERAL_CONVERSION = YES;
				CLANG_WARN_OBJC_ROOT_CLASS = YES_ERROR;
				CLANG_WARN_QUOTED_INCLUDE_IN_FRAMEWORK_HEADER = YES;
				CLANG_WARN_RANGE_LOOP_ANALYSIS = YES;
				CLANG_WARN_STRICT_PROTOTYPES = YES;
				CLANG_WARN_SUSPICIOUS_MOVE = YES;
				CLANG_WARN_UNGUARDED_AVAILABILITY = YES_AGGRESSIVE;
				CLANG_WARN_UNREACHABLE_CODE = YES;
				CLANG_WARN__DUPLICATE_METHOD_MATCH = YES;
				COPY_PHASE_STRIP = NO;
				DEBUG_INFORMATION_FORMAT = "dwarf-with-dsym";
				ENABLE_NS_ASSERTIONS = NO;
				ENABLE_STRICT_OBJC_MSGSEND = YES;
				GCC_C_LANGUAGE_STANDARD = gnu11;
				GCC_NO_COMMON_BLOCKS = YES;
				GCC_WARN_64_TO_32_BIT_CONVERSION = YES;
				GCC_WARN_ABOUT_RETURN_TYPE = YES_ERROR;
				GCC_WARN_UNDECLARED_SELECTOR = YES;
				GCC_WARN_UNINITIALIZED_AUTOS = YES_AGGRESSIVE;
				GCC_WARN_UNUSED_FUNCTION = YES;
				GCC_WARN_UNUSED_VARIABLE = YES;
				IPHONEOS_DEPLOYMENT_TARGET = 15.2;
				MTL_ENABLE_DEBUG_INFO = NO;
				MTL_FAST_MATH = YES;
				SDKROOT = iphoneos;
				SWIFT_COMPILATION_MODE = wholemodule;
				SWIFT_OPTIMIZATION_LEVEL = "-O";
				VALIDATE_PRODUCT = YES;
			};
			name = Release;
		};
		1B6476B927D1D65A00EAC728 /* Debug */ = {
			isa = XCBuildConfiguration;
			buildSettings = {
				ASSETCATALOG_COMPILER_APPICON_NAME = AppIcon;
				ASSETCATALOG_COMPILER_GLOBAL_ACCENT_COLOR_NAME = AccentColor;
				CODE_SIGN_STYLE = Automatic;
				CURRENT_PROJECT_VERSION = 1;
				DEVELOPMENT_TEAM = 5MNU4WM44M;
				GENERATE_INFOPLIST_FILE = YES;
				INFOPLIST_FILE = BraveNewCoinMVVM/Info.plist;
				INFOPLIST_KEY_UIApplicationSupportsIndirectInputEvents = YES;
				INFOPLIST_KEY_UILaunchStoryboardName = LaunchScreen;
				INFOPLIST_KEY_UISupportedInterfaceOrientations_iPad = "UIInterfaceOrientationPortrait UIInterfaceOrientationPortraitUpsideDown UIInterfaceOrientationLandscapeLeft UIInterfaceOrientationLandscapeRight";
				INFOPLIST_KEY_UISupportedInterfaceOrientations_iPhone = "UIInterfaceOrientationPortrait UIInterfaceOrientationLandscapeLeft UIInterfaceOrientationLandscapeRight";
				LD_RUNPATH_SEARCH_PATHS = (
					"$(inherited)",
					"@executable_path/Frameworks",
				);
				MARKETING_VERSION = 1.0;
				PRODUCT_BUNDLE_IDENTIFIER = com.sinankulen.BraveNewCoinMVVM;
				PRODUCT_NAME = "$(TARGET_NAME)";
				SWIFT_EMIT_LOC_STRINGS = YES;
				SWIFT_VERSION = 5.0;
				TARGETED_DEVICE_FAMILY = "1,2";
			};
			name = Debug;
		};
		1B6476BA27D1D65A00EAC728 /* Release */ = {
			isa = XCBuildConfiguration;
			buildSettings = {
				ASSETCATALOG_COMPILER_APPICON_NAME = AppIcon;
				ASSETCATALOG_COMPILER_GLOBAL_ACCENT_COLOR_NAME = AccentColor;
				CODE_SIGN_STYLE = Automatic;
				CURRENT_PROJECT_VERSION = 1;
				DEVELOPMENT_TEAM = 5MNU4WM44M;
				GENERATE_INFOPLIST_FILE = YES;
				INFOPLIST_FILE = BraveNewCoinMVVM/Info.plist;
				INFOPLIST_KEY_UIApplicationSupportsIndirectInputEvents = YES;
				INFOPLIST_KEY_UILaunchStoryboardName = LaunchScreen;
				INFOPLIST_KEY_UISupportedInterfaceOrientations_iPad = "UIInterfaceOrientationPortrait UIInterfaceOrientationPortraitUpsideDown UIInterfaceOrientationLandscapeLeft UIInterfaceOrientationLandscapeRight";
				INFOPLIST_KEY_UISupportedInterfaceOrientations_iPhone = "UIInterfaceOrientationPortrait UIInterfaceOrientationLandscapeLeft UIInterfaceOrientationLandscapeRight";
				LD_RUNPATH_SEARCH_PATHS = (
					"$(inherited)",
					"@executable_path/Frameworks",
				);
				MARKETING_VERSION = 1.0;
				PRODUCT_BUNDLE_IDENTIFIER = com.sinankulen.BraveNewCoinMVVM;
				PRODUCT_NAME = "$(TARGET_NAME)";
				SWIFT_EMIT_LOC_STRINGS = YES;
				SWIFT_VERSION = 5.0;
				TARGETED_DEVICE_FAMILY = "1,2";
			};
			name = Release;
		};
/* End XCBuildConfiguration section */

/* Begin XCConfigurationList section */
		1B64769F27D1D65800EAC728 /* Build configuration list for PBXProject "BraveNewCoinMVVM" */ = {
			isa = XCConfigurationList;
			buildConfigurations = (
				1B6476B627D1D65A00EAC728 /* Debug */,
				1B6476B727D1D65A00EAC728 /* Release */,
			);
			defaultConfigurationIsVisible = 0;
			defaultConfigurationName = Release;
		};
		1B6476B827D1D65A00EAC728 /* Build configuration list for PBXNativeTarget "BraveNewCoinMVVM" */ = {
			isa = XCConfigurationList;
			buildConfigurations = (
				1B6476B927D1D65A00EAC728 /* Debug */,
				1B6476BA27D1D65A00EAC728 /* Release */,
			);
			defaultConfigurationIsVisible = 0;
			defaultConfigurationName = Release;
		};
/* End XCConfigurationList section */
	};
	rootObject = 1B64769C27D1D65800EAC728 /* Project object */;
}
